
Microsoft Visual Studio Solution File, Format Version 12.00
# Visual Studio Version 17
VisualStudioVersion = 17.14.36518.9 d17.14
MinimumVisualStudioVersion = 10.0.40219.1
Project("{FAE04EC0-301F-11D3-BF4B-00C04F79EFBC}") = "almaarmudgoz", "almaarmudgoz.csproj", "{87D01AC3-4950-41A9-9F39-F617F4718CDE}"
EndProject
Global
	GlobalSection(SolutionConfigurationPlatforms) = preSolution
		Debug|Any CPU = Debug|Any CPU
		Release|Any CPU = Release|Any CPU
	EndGlobalSection
	GlobalSection(ProjectConfigurationPlatforms) = postSolution
		{87D01AC3-4950-41A9-9F39-F617F4718CDE}.Debug|Any CPU.ActiveCfg = Debug|Any CPU
		{87D01AC3-4950-41A9-9F39-F617F4718CDE}.Debug|Any CPU.Build.0 = Debug|Any CPU
		{87D01AC3-4950-41A9-9F39-F617F4718CDE}.Release|Any CPU.ActiveCfg = Release|Any CPU
		{87D01AC3-4950-41A9-9F39-F617F4718CDE}.Release|Any CPU.Build.0 = Release|Any CPU
	EndGlobalSection
	GlobalSection(SolutionProperties) = preSolution
		HideSolutionNode = FALSE
	EndGlobalSection
	GlobalSection(ExtensibilityGlobals) = postSolution
		SolutionGuid = {A1C407AF-53E9-4AD3-A431-B8E0028D375B}
	EndGlobalSection
EndGlobal
